# This file was autogenerated by Stack.
# You should not edit this file by hand.
# For more information, please see the documentation at:
#   https://docs.haskellstack.org/en/stable/lock_files

packages:
- completed:
    commit: d793e762274a71f11d2b9b298c2edbe19b13617f
    git: git@github.com:ejconlon/errata.git
    name: errata
    pantry-tree:
      sha256: 0cff5a21464738482dfa90b915e059ff3b5015e4cc93b40f548494461877e117
      size: 4057
    version: 0.4.0.1
  original:
    commit: d793e762274a71f11d2b9b298c2edbe19b13617f
    git: git@github.com:ejconlon/errata.git
snapshots:
- completed:
    sha256: 1867d84255dff8c87373f5dd03e5a5cb1c10a99587e26c8793e750c54e83ffdc
    size: 639139
    url: https://raw.githubusercontent.com/commercialhaskell/stackage-snapshots/master/lts/21/0.yaml
  original: lts-21.0
