# This file was autogenerated by Stack.
# You should not edit this file by hand.
# For more information, please see the documentation at:
#   https://docs.haskellstack.org/en/stable/lock_files

packages:
- completed:
    hackage: bowtie-0.1.0@sha256:ea576079a0f4469694b43ff4214ba1fbd27a359c560125ebbe52e0bfafa3e190,1771
    pantry-tree:
      sha256: 99b78d269df9bffe9a29264cf6d8cd023674df98f32070ee1718142c1bed7418
      size: 158
  original:
    hackage: bowtie-0.1.0
- completed:
    hackage: errata-0.4.0.1@sha256:c535562dc79845190134bcd833a9fb3d8148361360085b1de917dded6044348d,2369
    pantry-tree:
      sha256: f6d4132b0ae34a2c8b3a5a73e51cc77744f5e6925fe32d071543e1dd80d14896
      size: 809
  original:
    hackage: errata-0.4.0.1
- completed:
    hackage: falsify-0.2.0@sha256:a9ec175cfb20dc5afeedac69f424c77589729fce23733030abf22dc2053abc41,5265
    pantry-tree:
      sha256: c798208320e84b3d05564d73a63c6686499a68d667e33e2b8873035f15eaf81b
      size: 3378
  original:
    hackage: falsify-0.2.0
- completed:
    commit: f676b6e5781a51bfe9a4db34b218b696e0286392
    git: git@github.com:ejconlon/daytripper.git
    name: daytripper
    pantry-tree:
      sha256: 01549a18c26273074b29ebf3b0dacbbb6231d4d3ff0e8c45b0d38392a67f410c
      size: 817
    version: 0.3.1
  original:
    commit: f676b6e5781a51bfe9a4db34b218b696e0286392
    git: git@github.com:ejconlon/daytripper.git
snapshots:
- completed:
    sha256: 59a9ffb31115282819f15dbb364bd06f133009442ff1b5f3b3898bd0e6a7735d
    size: 711946
    url: https://raw.githubusercontent.com/commercialhaskell/stackage-snapshots/master/lts/22/1.yaml
  original: lts-22.1
